
Microsoft Visual Studio Solution File, Format Version 12.00
# Visual Studio 15
Project("{FAE04EC0-301F-11D3-BF4B-00C04F79EFBC}") = "Oculus.Platform", "Oculus.Platform.csproj", "{71FB6F5D-FDD4-866E-CAF1-F91DB0F4279B}"
EndProject
Project("{FAE04EC0-301F-11D3-BF4B-00C04F79EFBC}") = "Assembly-CSharp", "Assembly-CSharp.csproj", "{7EEF4771-4E10-5172-C53B-EF8EE483FA58}"
EndProject
Project("{FAE04EC0-301F-11D3-BF4B-00C04F79EFBC}") = "Oculus.Interaction", "Oculus.Interaction.csproj", "{BCBE1968-5433-78B3-3D73-435AEA65B6B6}"
EndProject
Project("{FAE04EC0-301F-11D3-BF4B-00C04F79EFBC}") = "Oculus.VR", "Oculus.VR.csproj", "{32326C7F-3E89-CA27-6824-5FD7BD41E061}"
EndProject
Project("{FAE04EC0-301F-11D3-BF4B-00C04F79EFBC}") = "VoiceSDK.Dictation.Runtime", "VoiceSDK.Dictation.Runtime.csproj", "{9FF5646F-1D3A-FF12-9F61-65C55A83B5BB}"
EndProject
Project("{FAE04EC0-301F-11D3-BF4B-00C04F79EFBC}") = "VoiceSDK.Runtime", "VoiceSDK.Runtime.csproj", "{45F0A848-583A-5085-3929-8C9CAE321DB8}"
EndProject
Project("{FAE04EC0-301F-11D3-BF4B-00C04F79EFBC}") = "Meta.WitAi", "Meta.WitAi.csproj", "{8A0CF078-7956-0417-1218-4FBE1CA140AC}"
EndProject
Project("{FAE04EC0-301F-11D3-BF4B-00C04F79EFBC}") = "Meta.WitAi.Lib", "Meta.WitAi.Lib.csproj", "{18EFE565-AF9B-D1B3-F71D-886C0B3482F5}"
EndProject
Project("{FAE04EC0-301F-11D3-BF4B-00C04F79EFBC}") = "Oculus.Interaction.OVR.Samples", "Oculus.Interaction.OVR.Samples.csproj", "{D3728A26-FC90-88E6-650E-828C7E83812B}"
EndProject
Project("{FAE04EC0-301F-11D3-BF4B-00C04F79EFBC}") = "Meta.WitAi.TTS.Samples", "Meta.WitAi.TTS.Samples.csproj", "{9E64064E-EA55-5BBC-4818-BD5B1008EDE2}"
EndProject
Project("{FAE04EC0-301F-11D3-BF4B-00C04F79EFBC}") = "Oculus.Voice.Demo", "Oculus.Voice.Demo.csproj", "{D9D4C5C2-43D3-B979-3FD3-FC10B5699DDD}"
EndProject
Project("{FAE04EC0-301F-11D3-BF4B-00C04F79EFBC}") = "Oculus.Interaction.OVR", "Oculus.Interaction.OVR.csproj", "{92252432-8555-C84B-DF33-1864B0D8AA16}"
EndProject
Project("{FAE04EC0-301F-11D3-BF4B-00C04F79EFBC}") = "AssistantCoreSDKRuntime", "AssistantCoreSDKRuntime.csproj", "{245E7D12-C6CD-3F39-BDED-A48630BFA51A}"
EndProject
Project("{FAE04EC0-301F-11D3-BF4B-00C04F79EFBC}") = "Meta.WitAi.Conduit", "Meta.WitAi.Conduit.csproj", "{6EA762BB-3F07-8296-0E3E-380745CB2182}"
EndProject
Project("{FAE04EC0-301F-11D3-BF4B-00C04F79EFBC}") = "Oculus.AudioManager", "Oculus.AudioManager.csproj", "{B0B06612-66C0-5ADA-1D49-32A515CB94E6}"
EndProject
Project("{FAE04EC0-301F-11D3-BF4B-00C04F79EFBC}") = "Oculus.LipSync", "Oculus.LipSync.csproj", "{814B47D0-FC62-F97E-73A4-CC61B3E92A0A}"
EndProject
Project("{FAE04EC0-301F-11D3-BF4B-00C04F79EFBC}") = "Oculus.Spatializer", "Oculus.Spatializer.csproj", "{FDE896F5-56DB-13DD-10DF-44ADE84B7783}"
EndProject
Project("{FAE04EC0-301F-11D3-BF4B-00C04F79EFBC}") = "Meta.VoiceSDK.Mic.Other", "Meta.VoiceSDK.Mic.Other.csproj", "{D7E2F4A0-7DEE-751F-AC48-75916C81D331}"
EndProject
Project("{FAE04EC0-301F-11D3-BF4B-00C04F79EFBC}") = "Meta.VoiceSDK.Mic.Common", "Meta.VoiceSDK.Mic.Common.csproj", "{9B7A7D07-7EFD-1814-F1CC-7ABC3A4D82C5}"
EndProject
Project("{FAE04EC0-301F-11D3-BF4B-00C04F79EFBC}") = "Facebook.Wit.Dictation", "Facebook.Wit.Dictation.csproj", "{0E896CEA-96B6-3770-A218-D5675E6D8F58}"
EndProject
Project("{FAE04EC0-301F-11D3-BF4B-00C04F79EFBC}") = "Unity.XR.Interaction.Toolkit.Samples.StarterAssets", "Unity.XR.Interaction.Toolkit.Samples.StarterAssets.csproj", "{BF93E8B7-0374-113B-9963-BA3FAF707147}"
EndProject
Project("{FAE04EC0-301F-11D3-BF4B-00C04F79EFBC}") = "Meta.WitAi.TTS", "Meta.WitAi.TTS.csproj", "{7F787E36-8E9F-F156-FE1A-92623E013E1B}"
EndProject
Project("{FAE04EC0-301F-11D3-BF4B-00C04F79EFBC}") = "Meta.WitAi.Editor", "Meta.WitAi.Editor.csproj", "{8369CA0D-55DA-5879-DF06-DF9B0591F374}"
EndProject
Project("{FAE04EC0-301F-11D3-BF4B-00C04F79EFBC}") = "Meta.WitAI.Lib.Editor", "Meta.WitAI.Lib.Editor.csproj", "{DAEDB355-392E-88CA-34E4-4306A52ECF74}"
EndProject
Project("{FAE04EC0-301F-11D3-BF4B-00C04F79EFBC}") = "Oculus.VR.Editor", "Oculus.VR.Editor.csproj", "{E0206523-D14C-42A4-4948-3A35D8286B6E}"
EndProject
Project("{FAE04EC0-301F-11D3-BF4B-00C04F79EFBC}") = "Meta.WitAi.Conduit.Editor", "Meta.WitAi.Conduit.Editor.csproj", "{900F7923-9DDD-CC9E-2DFA-34A7690B03C6}"
EndProject
Project("{FAE04EC0-301F-11D3-BF4B-00C04F79EFBC}") = "Oculus.Interaction.Editor", "Oculus.Interaction.Editor.csproj", "{79D60F8D-41C7-D1FC-91A8-41D724088B26}"
EndProject
Project("{FAE04EC0-301F-11D3-BF4B-00C04F79EFBC}") = "Oculus.Interaction.OVR.Editor", "Oculus.Interaction.OVR.Editor.csproj", "{AD1FCD6A-3614-8BED-CFB4-49DADEE57A3A}"
EndProject
Project("{FAE04EC0-301F-11D3-BF4B-00C04F79EFBC}") = "Assembly-CSharp-Editor", "Assembly-CSharp-Editor.csproj", "{348234A6-85ED-94D5-6DE0-218AF38BA73C}"
EndProject
Project("{FAE04EC0-301F-11D3-BF4B-00C04F79EFBC}") = "Oculus.VR.Scripts.Editor", "Oculus.VR.Scripts.Editor.csproj", "{FC4E1706-F3CB-A490-8FD3-2DB2F7BBEC04}"
EndProject
Project("{FAE04EC0-301F-11D3-BF4B-00C04F79EFBC}") = "Oculus.Spatializer.Editor", "Oculus.Spatializer.Editor.csproj", "{91F803B2-063D-9746-1677-1FEC6F5C8B58}"
EndProject
Project("{FAE04EC0-301F-11D3-BF4B-00C04F79EFBC}") = "Meta.WitAi.TTS.Editor", "Meta.WitAi.TTS.Editor.csproj", "{2CC3E901-71B4-51C7-6C62-7F4633B223B1}"
EndProject
Project("{FAE04EC0-301F-11D3-BF4B-00C04F79EFBC}") = "VoiceSDK.Dictation.Editor", "VoiceSDK.Dictation.Editor.csproj", "{B8F290E1-BB98-165F-D8A1-9FD644E0E1CB}"
EndProject
Project("{FAE04EC0-301F-11D3-BF4B-00C04F79EFBC}") = "Oculus.Platform.Editor", "Oculus.Platform.Editor.csproj", "{1FC327B1-B2B2-EAFC-429C-41206F7FEB20}"
EndProject
Project("{FAE04EC0-301F-11D3-BF4B-00C04F79EFBC}") = "VoiceSDK.Editor", "VoiceSDK.Editor.csproj", "{1691FC4B-5F83-6434-9280-1729887FD07F}"
EndProject
Project("{FAE04EC0-301F-11D3-BF4B-00C04F79EFBC}") = "Oculus.AudioManager.Audio.Editor", "Oculus.AudioManager.Audio.Editor.csproj", "{8C0E5F4C-3BCC-5B3F-0EB5-4869140C1F05}"
EndProject
Project("{FAE04EC0-301F-11D3-BF4B-00C04F79EFBC}") = "Oculus.LipSync.Editor", "Oculus.LipSync.Editor.csproj", "{E13F384A-03F9-4C46-4CFA-4A380171A43E}"
EndProject
Project("{FAE04EC0-301F-11D3-BF4B-00C04F79EFBC}") = "Oculus.AudioManager.Utils.Editor", "Oculus.AudioManager.Utils.Editor.csproj", "{967DAF18-F749-2DA6-B9F5-AE569FA20DCA}"
EndProject
Project("{FAE04EC0-301F-11D3-BF4B-00C04F79EFBC}") = "Oculus.Interaction.Samples.Editor", "Oculus.Interaction.Samples.Editor.csproj", "{51CFC0E1-8156-04F3-FFCF-6D2DD38197FE}"
EndProject
Project("{FAE04EC0-301F-11D3-BF4B-00C04F79EFBC}") = "Facebook.Wit.Dictation.Editor", "Facebook.Wit.Dictation.Editor.csproj", "{7622BCD9-0A44-981E-787D-2E8575E7F61F}"
EndProject
Project("{FAE04EC0-301F-11D3-BF4B-00C04F79EFBC}") = "Oculus.Interaction.InterfaceSupport", "Oculus.Interaction.InterfaceSupport.csproj", "{9D14EDAC-C9D0-1692-E256-7401923D642D}"
EndProject
Project("{FAE04EC0-301F-11D3-BF4B-00C04F79EFBC}") = "AssistantCoreSDKEditor", "AssistantCoreSDKEditor.csproj", "{5F5F5531-7F06-8EB9-71D8-E0266C158F1D}"
EndProject
Global
	GlobalSection(SolutionConfigurationPlatforms) = preSolution
		Debug|Any CPU = Debug|Any CPU
		Release|Any CPU = Release|Any CPU
	EndGlobalSection
	GlobalSection(ProjectConfigurationPlatforms) = postSolution
		{71FB6F5D-FDD4-866E-CAF1-F91DB0F4279B}.Debug|Any CPU.ActiveCfg = Debug|Any CPU
		{71FB6F5D-FDD4-866E-CAF1-F91DB0F4279B}.Debug|Any CPU.Build.0 = Debug|Any CPU
		{71FB6F5D-FDD4-866E-CAF1-F91DB0F4279B}.Release|Any CPU.ActiveCfg = Release|Any CPU
		{71FB6F5D-FDD4-866E-CAF1-F91DB0F4279B}.Release|Any CPU.Build.0 = Release|Any CPU
		{7EEF4771-4E10-5172-C53B-EF8EE483FA58}.Debug|Any CPU.ActiveCfg = Debug|Any CPU
		{7EEF4771-4E10-5172-C53B-EF8EE483FA58}.Debug|Any CPU.Build.0 = Debug|Any CPU
		{7EEF4771-4E10-5172-C53B-EF8EE483FA58}.Release|Any CPU.ActiveCfg = Release|Any CPU
		{7EEF4771-4E10-5172-C53B-EF8EE483FA58}.Release|Any CPU.Build.0 = Release|Any CPU
		{BCBE1968-5433-78B3-3D73-435AEA65B6B6}.Debug|Any CPU.ActiveCfg = Debug|Any CPU
		{BCBE1968-5433-78B3-3D73-435AEA65B6B6}.Debug|Any CPU.Build.0 = Debug|Any CPU
		{BCBE1968-5433-78B3-3D73-435AEA65B6B6}.Release|Any CPU.ActiveCfg = Release|Any CPU
		{BCBE1968-5433-78B3-3D73-435AEA65B6B6}.Release|Any CPU.Build.0 = Release|Any CPU
		{32326C7F-3E89-CA27-6824-5FD7BD41E061}.Debug|Any CPU.ActiveCfg = Debug|Any CPU
		{32326C7F-3E89-CA27-6824-5FD7BD41E061}.Debug|Any CPU.Build.0 = Debug|Any CPU
		{32326C7F-3E89-CA27-6824-5FD7BD41E061}.Release|Any CPU.ActiveCfg = Release|Any CPU
		{32326C7F-3E89-CA27-6824-5FD7BD41E061}.Release|Any CPU.Build.0 = Release|Any CPU
		{9FF5646F-1D3A-FF12-9F61-65C55A83B5BB}.Debug|Any CPU.ActiveCfg = Debug|Any CPU
		{9FF5646F-1D3A-FF12-9F61-65C55A83B5BB}.Debug|Any CPU.Build.0 = Debug|Any CPU
		{9FF5646F-1D3A-FF12-9F61-65C55A83B5BB}.Release|Any CPU.ActiveCfg = Release|Any CPU
		{9FF5646F-1D3A-FF12-9F61-65C55A83B5BB}.Release|Any CPU.Build.0 = Release|Any CPU
		{45F0A848-583A-5085-3929-8C9CAE321DB8}.Debug|Any CPU.ActiveCfg = Debug|Any CPU
		{45F0A848-583A-5085-3929-8C9CAE321DB8}.Debug|Any CPU.Build.0 = Debug|Any CPU
		{45F0A848-583A-5085-3929-8C9CAE321DB8}.Release|Any CPU.ActiveCfg = Release|Any CPU
		{45F0A848-583A-5085-3929-8C9CAE321DB8}.Release|Any CPU.Build.0 = Release|Any CPU
		{8A0CF078-7956-0417-1218-4FBE1CA140AC}.Debug|Any CPU.ActiveCfg = Debug|Any CPU
		{8A0CF078-7956-0417-1218-4FBE1CA140AC}.Debug|Any CPU.Build.0 = Debug|Any CPU
		{8A0CF078-7956-0417-1218-4FBE1CA140AC}.Release|Any CPU.ActiveCfg = Release|Any CPU
		{8A0CF078-7956-0417-1218-4FBE1CA140AC}.Release|Any CPU.Build.0 = Release|Any CPU
		{18EFE565-AF9B-D1B3-F71D-886C0B3482F5}.Debug|Any CPU.ActiveCfg = Debug|Any CPU
		{18EFE565-AF9B-D1B3-F71D-886C0B3482F5}.Debug|Any CPU.Build.0 = Debug|Any CPU
		{18EFE565-AF9B-D1B3-F71D-886C0B3482F5}.Release|Any CPU.ActiveCfg = Release|Any CPU
		{18EFE565-AF9B-D1B3-F71D-886C0B3482F5}.Release|Any CPU.Build.0 = Release|Any CPU
		{D3728A26-FC90-88E6-650E-828C7E83812B}.Debug|Any CPU.ActiveCfg = Debug|Any CPU
		{D3728A26-FC90-88E6-650E-828C7E83812B}.Debug|Any CPU.Build.0 = Debug|Any CPU
		{D3728A26-FC90-88E6-650E-828C7E83812B}.Release|Any CPU.ActiveCfg = Release|Any CPU
		{D3728A26-FC90-88E6-650E-828C7E83812B}.Release|Any CPU.Build.0 = Release|Any CPU
		{9E64064E-EA55-5BBC-4818-BD5B1008EDE2}.Debug|Any CPU.ActiveCfg = Debug|Any CPU
		{9E64064E-EA55-5BBC-4818-BD5B1008EDE2}.Debug|Any CPU.Build.0 = Debug|Any CPU
		{9E64064E-EA55-5BBC-4818-BD5B1008EDE2}.Release|Any CPU.ActiveCfg = Release|Any CPU
		{9E64064E-EA55-5BBC-4818-BD5B1008EDE2}.Release|Any CPU.Build.0 = Release|Any CPU
		{D9D4C5C2-43D3-B979-3FD3-FC10B5699DDD}.Debug|Any CPU.ActiveCfg = Debug|Any CPU
		{D9D4C5C2-43D3-B979-3FD3-FC10B5699DDD}.Debug|Any CPU.Build.0 = Debug|Any CPU
		{D9D4C5C2-43D3-B979-3FD3-FC10B5699DDD}.Release|Any CPU.ActiveCfg = Release|Any CPU
		{D9D4C5C2-43D3-B979-3FD3-FC10B5699DDD}.Release|Any CPU.Build.0 = Release|Any CPU
		{92252432-8555-C84B-DF33-1864B0D8AA16}.Debug|Any CPU.ActiveCfg = Debug|Any CPU
		{92252432-8555-C84B-DF33-1864B0D8AA16}.Debug|Any CPU.Build.0 = Debug|Any CPU
		{92252432-8555-C84B-DF33-1864B0D8AA16}.Release|Any CPU.ActiveCfg = Release|Any CPU
		{92252432-8555-C84B-DF33-1864B0D8AA16}.Release|Any CPU.Build.0 = Release|Any CPU
		{245E7D12-C6CD-3F39-BDED-A48630BFA51A}.Debug|Any CPU.ActiveCfg = Debug|Any CPU
		{245E7D12-C6CD-3F39-BDED-A48630BFA51A}.Debug|Any CPU.Build.0 = Debug|Any CPU
		{245E7D12-C6CD-3F39-BDED-A48630BFA51A}.Release|Any CPU.ActiveCfg = Release|Any CPU
		{245E7D12-C6CD-3F39-BDED-A48630BFA51A}.Release|Any CPU.Build.0 = Release|Any CPU
		{6EA762BB-3F07-8296-0E3E-380745CB2182}.Debug|Any CPU.ActiveCfg = Debug|Any CPU
		{6EA762BB-3F07-8296-0E3E-380745CB2182}.Debug|Any CPU.Build.0 = Debug|Any CPU
		{6EA762BB-3F07-8296-0E3E-380745CB2182}.Release|Any CPU.ActiveCfg = Release|Any CPU
		{6EA762BB-3F07-8296-0E3E-380745CB2182}.Release|Any CPU.Build.0 = Release|Any CPU
		{B0B06612-66C0-5ADA-1D49-32A515CB94E6}.Debug|Any CPU.ActiveCfg = Debug|Any CPU
		{B0B06612-66C0-5ADA-1D49-32A515CB94E6}.Debug|Any CPU.Build.0 = Debug|Any CPU
		{B0B06612-66C0-5ADA-1D49-32A515CB94E6}.Release|Any CPU.ActiveCfg = Release|Any CPU
		{B0B06612-66C0-5ADA-1D49-32A515CB94E6}.Release|Any CPU.Build.0 = Release|Any CPU
		{814B47D0-FC62-F97E-73A4-CC61B3E92A0A}.Debug|Any CPU.ActiveCfg = Debug|Any CPU
		{814B47D0-FC62-F97E-73A4-CC61B3E92A0A}.Debug|Any CPU.Build.0 = Debug|Any CPU
		{814B47D0-FC62-F97E-73A4-CC61B3E92A0A}.Release|Any CPU.ActiveCfg = Release|Any CPU
		{814B47D0-FC62-F97E-73A4-CC61B3E92A0A}.Release|Any CPU.Build.0 = Release|Any CPU
		{FDE896F5-56DB-13DD-10DF-44ADE84B7783}.Debug|Any CPU.ActiveCfg = Debug|Any CPU
		{FDE896F5-56DB-13DD-10DF-44ADE84B7783}.Debug|Any CPU.Build.0 = Debug|Any CPU
		{FDE896F5-56DB-13DD-10DF-44ADE84B7783}.Release|Any CPU.ActiveCfg = Release|Any CPU
		{FDE896F5-56DB-13DD-10DF-44ADE84B7783}.Release|Any CPU.Build.0 = Release|Any CPU
		{D7E2F4A0-7DEE-751F-AC48-75916C81D331}.Debug|Any CPU.ActiveCfg = Debug|Any CPU
		{D7E2F4A0-7DEE-751F-AC48-75916C81D331}.Debug|Any CPU.Build.0 = Debug|Any CPU
		{D7E2F4A0-7DEE-751F-AC48-75916C81D331}.Release|Any CPU.ActiveCfg = Release|Any CPU
		{D7E2F4A0-7DEE-751F-AC48-75916C81D331}.Release|Any CPU.Build.0 = Release|Any CPU
		{9B7A7D07-7EFD-1814-F1CC-7ABC3A4D82C5}.Debug|Any CPU.ActiveCfg = Debug|Any CPU
		{9B7A7D07-7EFD-1814-F1CC-7ABC3A4D82C5}.Debug|Any CPU.Build.0 = Debug|Any CPU
		{9B7A7D07-7EFD-1814-F1CC-7ABC3A4D82C5}.Release|Any CPU.ActiveCfg = Release|Any CPU
		{9B7A7D07-7EFD-1814-F1CC-7ABC3A4D82C5}.Release|Any CPU.Build.0 = Release|Any CPU
		{0E896CEA-96B6-3770-A218-D5675E6D8F58}.Debug|Any CPU.ActiveCfg = Debug|Any CPU
		{0E896CEA-96B6-3770-A218-D5675E6D8F58}.Debug|Any CPU.Build.0 = Debug|Any CPU
		{0E896CEA-96B6-3770-A218-D5675E6D8F58}.Release|Any CPU.ActiveCfg = Release|Any CPU
		{0E896CEA-96B6-3770-A218-D5675E6D8F58}.Release|Any CPU.Build.0 = Release|Any CPU
		{BF93E8B7-0374-113B-9963-BA3FAF707147}.Debug|Any CPU.ActiveCfg = Debug|Any CPU
		{BF93E8B7-0374-113B-9963-BA3FAF707147}.Debug|Any CPU.Build.0 = Debug|Any CPU
		{BF93E8B7-0374-113B-9963-BA3FAF707147}.Release|Any CPU.ActiveCfg = Release|Any CPU
		{BF93E8B7-0374-113B-9963-BA3FAF707147}.Release|Any CPU.Build.0 = Release|Any CPU
		{7F787E36-8E9F-F156-FE1A-92623E013E1B}.Debug|Any CPU.ActiveCfg = Debug|Any CPU
		{7F787E36-8E9F-F156-FE1A-92623E013E1B}.Debug|Any CPU.Build.0 = Debug|Any CPU
		{7F787E36-8E9F-F156-FE1A-92623E013E1B}.Release|Any CPU.ActiveCfg = Release|Any CPU
		{7F787E36-8E9F-F156-FE1A-92623E013E1B}.Release|Any CPU.Build.0 = Release|Any CPU
		{8369CA0D-55DA-5879-DF06-DF9B0591F374}.Debug|Any CPU.ActiveCfg = Debug|Any CPU
		{8369CA0D-55DA-5879-DF06-DF9B0591F374}.Debug|Any CPU.Build.0 = Debug|Any CPU
		{8369CA0D-55DA-5879-DF06-DF9B0591F374}.Release|Any CPU.ActiveCfg = Release|Any CPU
		{8369CA0D-55DA-5879-DF06-DF9B0591F374}.Release|Any CPU.Build.0 = Release|Any CPU
		{DAEDB355-392E-88CA-34E4-4306A52ECF74}.Debug|Any CPU.ActiveCfg = Debug|Any CPU
		{DAEDB355-392E-88CA-34E4-4306A52ECF74}.Debug|Any CPU.Build.0 = Debug|Any CPU
		{DAEDB355-392E-88CA-34E4-4306A52ECF74}.Release|Any CPU.ActiveCfg = Release|Any CPU
		{DAEDB355-392E-88CA-34E4-4306A52ECF74}.Release|Any CPU.Build.0 = Release|Any CPU
		{E0206523-D14C-42A4-4948-3A35D8286B6E}.Debug|Any CPU.ActiveCfg = Debug|Any CPU
		{E0206523-D14C-42A4-4948-3A35D8286B6E}.Debug|Any CPU.Build.0 = Debug|Any CPU
		{E0206523-D14C-42A4-4948-3A35D8286B6E}.Release|Any CPU.ActiveCfg = Release|Any CPU
		{E0206523-D14C-42A4-4948-3A35D8286B6E}.Release|Any CPU.Build.0 = Release|Any CPU
		{900F7923-9DDD-CC9E-2DFA-34A7690B03C6}.Debug|Any CPU.ActiveCfg = Debug|Any CPU
		{900F7923-9DDD-CC9E-2DFA-34A7690B03C6}.Debug|Any CPU.Build.0 = Debug|Any CPU
		{900F7923-9DDD-CC9E-2DFA-34A7690B03C6}.Release|Any CPU.ActiveCfg = Release|Any CPU
		{900F7923-9DDD-CC9E-2DFA-34A7690B03C6}.Release|Any CPU.Build.0 = Release|Any CPU
		{79D60F8D-41C7-D1FC-91A8-41D724088B26}.Debug|Any CPU.ActiveCfg = Debug|Any CPU
		{79D60F8D-41C7-D1FC-91A8-41D724088B26}.Debug|Any CPU.Build.0 = Debug|Any CPU
		{79D60F8D-41C7-D1FC-91A8-41D724088B26}.Release|Any CPU.ActiveCfg = Release|Any CPU
		{79D60F8D-41C7-D1FC-91A8-41D724088B26}.Release|Any CPU.Build.0 = Release|Any CPU
		{AD1FCD6A-3614-8BED-CFB4-49DADEE57A3A}.Debug|Any CPU.ActiveCfg = Debug|Any CPU
		{AD1FCD6A-3614-8BED-CFB4-49DADEE57A3A}.Debug|Any CPU.Build.0 = Debug|Any CPU
		{AD1FCD6A-3614-8BED-CFB4-49DADEE57A3A}.Release|Any CPU.ActiveCfg = Release|Any CPU
		{AD1FCD6A-3614-8BED-CFB4-49DADEE57A3A}.Release|Any CPU.Build.0 = Release|Any CPU
		{348234A6-85ED-94D5-6DE0-218AF38BA73C}.Debug|Any CPU.ActiveCfg = Debug|Any CPU
		{348234A6-85ED-94D5-6DE0-218AF38BA73C}.Debug|Any CPU.Build.0 = Debug|Any CPU
		{348234A6-85ED-94D5-6DE0-218AF38BA73C}.Release|Any CPU.ActiveCfg = Release|Any CPU
		{348234A6-85ED-94D5-6DE0-218AF38BA73C}.Release|Any CPU.Build.0 = Release|Any CPU
		{FC4E1706-F3CB-A490-8FD3-2DB2F7BBEC04}.Debug|Any CPU.ActiveCfg = Debug|Any CPU
		{FC4E1706-F3CB-A490-8FD3-2DB2F7BBEC04}.Debug|Any CPU.Build.0 = Debug|Any CPU
		{FC4E1706-F3CB-A490-8FD3-2DB2F7BBEC04}.Release|Any CPU.ActiveCfg = Release|Any CPU
		{FC4E1706-F3CB-A490-8FD3-2DB2F7BBEC04}.Release|Any CPU.Build.0 = Release|Any CPU
		{91F803B2-063D-9746-1677-1FEC6F5C8B58}.Debug|Any CPU.ActiveCfg = Debug|Any CPU
		{91F803B2-063D-9746-1677-1FEC6F5C8B58}.Debug|Any CPU.Build.0 = Debug|Any CPU
		{91F803B2-063D-9746-1677-1FEC6F5C8B58}.Release|Any CPU.ActiveCfg = Release|Any CPU
		{91F803B2-063D-9746-1677-1FEC6F5C8B58}.Release|Any CPU.Build.0 = Release|Any CPU
		{2CC3E901-71B4-51C7-6C62-7F4633B223B1}.Debug|Any CPU.ActiveCfg = Debug|Any CPU
		{2CC3E901-71B4-51C7-6C62-7F4633B223B1}.Debug|Any CPU.Build.0 = Debug|Any CPU
		{2CC3E901-71B4-51C7-6C62-7F4633B223B1}.Release|Any CPU.ActiveCfg = Release|Any CPU
		{2CC3E901-71B4-51C7-6C62-7F4633B223B1}.Release|Any CPU.Build.0 = Release|Any CPU
		{B8F290E1-BB98-165F-D8A1-9FD644E0E1CB}.Debug|Any CPU.ActiveCfg = Debug|Any CPU
		{B8F290E1-BB98-165F-D8A1-9FD644E0E1CB}.Debug|Any CPU.Build.0 = Debug|Any CPU
		{B8F290E1-BB98-165F-D8A1-9FD644E0E1CB}.Release|Any CPU.ActiveCfg = Release|Any CPU
		{B8F290E1-BB98-165F-D8A1-9FD644E0E1CB}.Release|Any CPU.Build.0 = Release|Any CPU
		{1FC327B1-B2B2-EAFC-429C-41206F7FEB20}.Debug|Any CPU.ActiveCfg = Debug|Any CPU
		{1FC327B1-B2B2-EAFC-429C-41206F7FEB20}.Debug|Any CPU.Build.0 = Debug|Any CPU
		{1FC327B1-B2B2-EAFC-429C-41206F7FEB20}.Release|Any CPU.ActiveCfg = Release|Any CPU
		{1FC327B1-B2B2-EAFC-429C-41206F7FEB20}.Release|Any CPU.Build.0 = Release|Any CPU
		{1691FC4B-5F83-6434-9280-1729887FD07F}.Debug|Any CPU.ActiveCfg = Debug|Any CPU
		{1691FC4B-5F83-6434-9280-1729887FD07F}.Debug|Any CPU.Build.0 = Debug|Any CPU
		{1691FC4B-5F83-6434-9280-1729887FD07F}.Release|Any CPU.ActiveCfg = Release|Any CPU
		{1691FC4B-5F83-6434-9280-1729887FD07F}.Release|Any CPU.Build.0 = Release|Any CPU
		{8C0E5F4C-3BCC-5B3F-0EB5-4869140C1F05}.Debug|Any CPU.ActiveCfg = Debug|Any CPU
		{8C0E5F4C-3BCC-5B3F-0EB5-4869140C1F05}.Debug|Any CPU.Build.0 = Debug|Any CPU
		{8C0E5F4C-3BCC-5B3F-0EB5-4869140C1F05}.Release|Any CPU.ActiveCfg = Release|Any CPU
		{8C0E5F4C-3BCC-5B3F-0EB5-4869140C1F05}.Release|Any CPU.Build.0 = Release|Any CPU
		{E13F384A-03F9-4C46-4CFA-4A380171A43E}.Debug|Any CPU.ActiveCfg = Debug|Any CPU
		{E13F384A-03F9-4C46-4CFA-4A380171A43E}.Debug|Any CPU.Build.0 = Debug|Any CPU
		{E13F384A-03F9-4C46-4CFA-4A380171A43E}.Release|Any CPU.ActiveCfg = Release|Any CPU
		{E13F384A-03F9-4C46-4CFA-4A380171A43E}.Release|Any CPU.Build.0 = Release|Any CPU
		{967DAF18-F749-2DA6-B9F5-AE569FA20DCA}.Debug|Any CPU.ActiveCfg = Debug|Any CPU
		{967DAF18-F749-2DA6-B9F5-AE569FA20DCA}.Debug|Any CPU.Build.0 = Debug|Any CPU
		{967DAF18-F749-2DA6-B9F5-AE569FA20DCA}.Release|Any CPU.ActiveCfg = Release|Any CPU
		{967DAF18-F749-2DA6-B9F5-AE569FA20DCA}.Release|Any CPU.Build.0 = Release|Any CPU
		{51CFC0E1-8156-04F3-FFCF-6D2DD38197FE}.Debug|Any CPU.ActiveCfg = Debug|Any CPU
		{51CFC0E1-8156-04F3-FFCF-6D2DD38197FE}.Debug|Any CPU.Build.0 = Debug|Any CPU
		{51CFC0E1-8156-04F3-FFCF-6D2DD38197FE}.Release|Any CPU.ActiveCfg = Release|Any CPU
		{51CFC0E1-8156-04F3-FFCF-6D2DD38197FE}.Release|Any CPU.Build.0 = Release|Any CPU
		{7622BCD9-0A44-981E-787D-2E8575E7F61F}.Debug|Any CPU.ActiveCfg = Debug|Any CPU
		{7622BCD9-0A44-981E-787D-2E8575E7F61F}.Debug|Any CPU.Build.0 = Debug|Any CPU
		{7622BCD9-0A44-981E-787D-2E8575E7F61F}.Release|Any CPU.ActiveCfg = Release|Any CPU
		{7622BCD9-0A44-981E-787D-2E8575E7F61F}.Release|Any CPU.Build.0 = Release|Any CPU
		{9D14EDAC-C9D0-1692-E256-7401923D642D}.Debug|Any CPU.ActiveCfg = Debug|Any CPU
		{9D14EDAC-C9D0-1692-E256-7401923D642D}.Debug|Any CPU.Build.0 = Debug|Any CPU
		{9D14EDAC-C9D0-1692-E256-7401923D642D}.Release|Any CPU.ActiveCfg = Release|Any CPU
		{9D14EDAC-C9D0-1692-E256-7401923D642D}.Release|Any CPU.Build.0 = Release|Any CPU
		{5F5F5531-7F06-8EB9-71D8-E0266C158F1D}.Debug|Any CPU.ActiveCfg = Debug|Any CPU
		{5F5F5531-7F06-8EB9-71D8-E0266C158F1D}.Debug|Any CPU.Build.0 = Debug|Any CPU
		{5F5F5531-7F06-8EB9-71D8-E0266C158F1D}.Release|Any CPU.ActiveCfg = Release|Any CPU
		{5F5F5531-7F06-8EB9-71D8-E0266C158F1D}.Release|Any CPU.Build.0 = Release|Any CPU
	EndGlobalSection
	GlobalSection(SolutionProperties) = preSolution
		HideSolutionNode = FALSE
	EndGlobalSection
EndGlobal
